
Microsoft Visual Studio Solution File, Format Version 12.00
# Visual Studio 14
VisualStudioVersion = 14.0.23107.0
MinimumVisualStudioVersion = 10.0.40219.1
Project("{FAE04EC0-301F-11D3-BF4B-00C04F79EFBC}") = "pryMascotas", "pryMascotas\pryMascotas.csproj", "{44143B23-CA5A-4AC5-AC41-B4F2FFCE5FA9}"
EndProject
Project("{FAE04EC0-301F-11D3-BF4B-00C04F79EFBC}") = "WindowsFormsApplication1", "WindowsFormsApplication1\WindowsFormsApplication1.csproj", "{9456D72E-62B9-42D6-B6E3-EA855D1BAC79}"
EndProject
Global
	GlobalSection(SolutionConfigurationPlatforms) = preSolution
		Debug|Any CPU = Debug|Any CPU
		Release|Any CPU = Release|Any CPU
	EndGlobalSection
	GlobalSection(ProjectConfigurationPlatforms) = postSolution
		{44143B23-CA5A-4AC5-AC41-B4F2FFCE5FA9}.Debug|Any CPU.ActiveCfg = Debug|Any CPU
		{44143B23-CA5A-4AC5-AC41-B4F2FFCE5FA9}.Debug|Any CPU.Build.0 = Debug|Any CPU
		{44143B23-CA5A-4AC5-AC41-B4F2FFCE5FA9}.Release|Any CPU.ActiveCfg = Release|Any CPU
		{44143B23-CA5A-4AC5-AC41-B4F2FFCE5FA9}.Release|Any CPU.Build.0 = Release|Any CPU
		{9456D72E-62B9-42D6-B6E3-EA855D1BAC79}.Debug|Any CPU.ActiveCfg = Debug|Any CPU
		{9456D72E-62B9-42D6-B6E3-EA855D1BAC79}.Debug|Any CPU.Build.0 = Debug|Any CPU
		{9456D72E-62B9-42D6-B6E3-EA855D1BAC79}.Release|Any CPU.ActiveCfg = Release|Any CPU
		{9456D72E-62B9-42D6-B6E3-EA855D1BAC79}.Release|Any CPU.Build.0 = Release|Any CPU
	EndGlobalSection
	GlobalSection(SolutionProperties) = preSolution
		HideSolutionNode = FALSE
	EndGlobalSection
EndGlobal
